
Microsoft Visual Studio Solution File, Format Version 12.00
# Visual Studio Version 17
VisualStudioVersion = 17.6.33723.286
MinimumVisualStudioVersion = 10.0.40219.1
Project("{FAE04EC0-301F-11D3-BF4B-00C04F79EFBC}") = "H16O1", "H16O1\H16O1.csproj", "{F4795E52-C650-4D47-A03F-A7C3FEAF7553}"
EndProject
Global
	GlobalSection(SolutionConfigurationPlatforms) = preSolution
		Debug|Any CPU = Debug|Any CPU
		Release|Any CPU = Release|Any CPU
	EndGlobalSection
	GlobalSection(ProjectConfigurationPlatforms) = postSolution
		{F4795E52-C650-4D47-A03F-A7C3FEAF7553}.Debug|Any CPU.ActiveCfg = Debug|Any CPU
		{F4795E52-C650-4D47-A03F-A7C3FEAF7553}.Debug|Any CPU.Build.0 = Debug|Any CPU
		{F4795E52-C650-4D47-A03F-A7C3FEAF7553}.Release|Any CPU.ActiveCfg = Release|Any CPU
		{F4795E52-C650-4D47-A03F-A7C3FEAF7553}.Release|Any CPU.Build.0 = Release|Any CPU
	EndGlobalSection
	GlobalSection(SolutionProperties) = preSolution
		HideSolutionNode = FALSE
	EndGlobalSection
	GlobalSection(ExtensibilityGlobals) = postSolution
		SolutionGuid = {FCA48271-BDAC-4213-90A6-5EE4BCB9A0B0}
	EndGlobalSection
EndGlobal
